dependencies:
  espressif/usb:
    component_hash: 6c2cff118141dbbca181d0d27d71801fdddfc78f7ac03ae43f6e5a8cbd89cb99
    dependencies:
    - name: idf
      require: private
      version: '>=5.5.3'
    source:
      registry_url: https://components.espressif.com/
      type: service
    targets:
    - esp32s2
    - esp32s3
    - esp32s31
    - esp32p4
    - esp32h4
    - linux
    version: 1.5.0
  espressif/usb_host_cdc_acm:
    component_hash: 5bc1372b46de79ccae1dd17de48e30dfa1e8ab75269c2ebf54da01370f9e42fb
    dependencies:
    - name: idf
      require: private
      version: '>=5.0'
    - name: espressif/usb
      registry_url: https://components.espressif.com
      require: public
      rules:
      - if: idf_version >=6.0
      - if: target not in ["linux"]
      version: ^1.0.0
    source:
      registry_url: https://components.espressif.com/
      type: service
    targets:
    - esp32s2
    - esp32s3
    - esp32p4
    - esp32h4
    - esp32s31
    - linux
    version: 2.4.1
  idf:
    source:
      type: idf
    version: 6.0.2
direct_dependencies:
- espressif/usb
- espressif/usb_host_cdc_acm
- idf
manifest_hash: 765de9eb8d2a5ac465d4097eeb06d12c2f927d2dca0b9c74d7318b2fa4c28ff1
target: esp32p4
version: 3.0.0
